
Microsoft Visual Studio Solution File, Format Version 12.00
# Visual Studio Version 16
VisualStudioVersion = 16.0.29403.142
MinimumVisualStudioVersion = 10.0.40219.1
Project("{9A19103F-16F7-4668-BE54-9A1E7A4F7556}") = "GamesToGo.Desktop", "GamesToGo.Desktop\GamesToGo.Desktop.csproj", "{B60EB00A-8455-43C3-951E-008449743275}"
EndProject
Project("{FAE04EC0-301F-11D3-BF4B-00C04F79EFBC}") = "GamesToGo.Android", "GamesToGo.Android\GamesToGo.Android.csproj", "{FA987518-939C-443B-A4B8-2885249B29BF}"
EndProject
Project("{FAE04EC0-301F-11D3-BF4B-00C04F79EFBC}") = "GamesToGo.Tests", "GamesToGo.Tests\GamesToGo.Tests.csproj", "{1ED8E969-F80B-4BA0-BFD4-3481C4EE3F2A}"
EndProject
Project("{FAE04EC0-301F-11D3-BF4B-00C04F79EFBC}") = "GamesToGo.Game", "GamesToGo.Game\GamesToGo.Game.csproj", "{2AB35D28-00DA-4E9B-896A-8F08EC5A3E22}"
EndProject
Project("{FAE04EC0-301F-11D3-BF4B-00C04F79EFBC}") = "GamesToGo.Editor", "GamesToGo.Editor\GamesToGo.Editor.csproj", "{1B19D3A1-B2BF-4962-B20D-53B3BD0ECCF2}"
EndProject
Global
	GlobalSection(SolutionConfigurationPlatforms) = preSolution
		Debug|Any CPU = Debug|Any CPU
		Release|Any CPU = Release|Any CPU
	EndGlobalSection
	GlobalSection(ProjectConfigurationPlatforms) = postSolution
		{B60EB00A-8455-43C3-951E-008449743275}.Debug|Any CPU.ActiveCfg = Debug|Any CPU
		{B60EB00A-8455-43C3-951E-008449743275}.Debug|Any CPU.Build.0 = Debug|Any CPU
		{B60EB00A-8455-43C3-951E-008449743275}.Release|Any CPU.ActiveCfg = Release|Any CPU
		{B60EB00A-8455-43C3-951E-008449743275}.Release|Any CPU.Build.0 = Release|Any CPU
		{FA987518-939C-443B-A4B8-2885249B29BF}.Debug|Any CPU.ActiveCfg = Debug|Any CPU
		{FA987518-939C-443B-A4B8-2885249B29BF}.Debug|Any CPU.Build.0 = Debug|Any CPU
		{FA987518-939C-443B-A4B8-2885249B29BF}.Debug|Any CPU.Deploy.0 = Debug|Any CPU
		{FA987518-939C-443B-A4B8-2885249B29BF}.Release|Any CPU.ActiveCfg = Release|Any CPU
		{FA987518-939C-443B-A4B8-2885249B29BF}.Release|Any CPU.Build.0 = Release|Any CPU
		{FA987518-939C-443B-A4B8-2885249B29BF}.Release|Any CPU.Deploy.0 = Release|Any CPU
		{1ED8E969-F80B-4BA0-BFD4-3481C4EE3F2A}.Debug|Any CPU.ActiveCfg = Debug|Any CPU
		{1ED8E969-F80B-4BA0-BFD4-3481C4EE3F2A}.Debug|Any CPU.Build.0 = Debug|Any CPU
		{1ED8E969-F80B-4BA0-BFD4-3481C4EE3F2A}.Release|Any CPU.ActiveCfg = Release|Any CPU
		{1ED8E969-F80B-4BA0-BFD4-3481C4EE3F2A}.Release|Any CPU.Build.0 = Release|Any CPU
		{2AB35D28-00DA-4E9B-896A-8F08EC5A3E22}.Debug|Any CPU.ActiveCfg = Debug|Any CPU
		{2AB35D28-00DA-4E9B-896A-8F08EC5A3E22}.Debug|Any CPU.Build.0 = Debug|Any CPU
		{2AB35D28-00DA-4E9B-896A-8F08EC5A3E22}.Release|Any CPU.ActiveCfg = Release|Any CPU
		{2AB35D28-00DA-4E9B-896A-8F08EC5A3E22}.Release|Any CPU.Build.0 = Release|Any CPU
		{1B19D3A1-B2BF-4962-B20D-53B3BD0ECCF2}.Debug|Any CPU.ActiveCfg = Debug|Any CPU
		{1B19D3A1-B2BF-4962-B20D-53B3BD0ECCF2}.Debug|Any CPU.Build.0 = Debug|Any CPU
		{1B19D3A1-B2BF-4962-B20D-53B3BD0ECCF2}.Release|Any CPU.ActiveCfg = Release|Any CPU
		{1B19D3A1-B2BF-4962-B20D-53B3BD0ECCF2}.Release|Any CPU.Build.0 = Release|Any CPU
	EndGlobalSection
	GlobalSection(SolutionProperties) = preSolution
		HideSolutionNode = FALSE
	EndGlobalSection
	GlobalSection(ExtensibilityGlobals) = postSolution
		SolutionGuid = {707A7FB3-C24A-40C7-916E-681CBC3B1C72}
	EndGlobalSection
EndGlobal
